
Microsoft Visual Studio Solution File, Format Version 12.00
# Visual Studio Version 17
VisualStudioVersion = 17.0.31903.59
MinimumVisualStudioVersion = 10.0.40219.1
Project("{2150E333-8FDC-42A3-9474-1A3956D46DE8}") = "permutation", "permutation", "{C6A8459B-CCD7-45C9-8B77-8A7411374D3A}"
EndProject
Project("{2150E333-8FDC-42A3-9474-1A3956D46DE8}") = "csharp", "csharp", "{02FF7DBC-6A17-4A79-9A59-D70A841B3816}"
EndProject
Project("{FAE04EC0-301F-11D3-BF4B-00C04F79EFBC}") = "UnitTest", "permutation\csharp\UnitTest\UnitTest.csproj", "{034FF0DD-11EC-4163-A282-E3FB3BBA6AC6}"
EndProject
Global
	GlobalSection(SolutionConfigurationPlatforms) = preSolution
		Debug|Any CPU = Debug|Any CPU
		Release|Any CPU = Release|Any CPU
	EndGlobalSection
	GlobalSection(SolutionProperties) = preSolution
		HideSolutionNode = FALSE
	EndGlobalSection
	GlobalSection(ProjectConfigurationPlatforms) = postSolution
		{034FF0DD-11EC-4163-A282-E3FB3BBA6AC6}.Debug|Any CPU.ActiveCfg = Debug|Any CPU
		{034FF0DD-11EC-4163-A282-E3FB3BBA6AC6}.Debug|Any CPU.Build.0 = Debug|Any CPU
		{034FF0DD-11EC-4163-A282-E3FB3BBA6AC6}.Release|Any CPU.ActiveCfg = Release|Any CPU
		{034FF0DD-11EC-4163-A282-E3FB3BBA6AC6}.Release|Any CPU.Build.0 = Release|Any CPU
	EndGlobalSection
	GlobalSection(NestedProjects) = preSolution
		{02FF7DBC-6A17-4A79-9A59-D70A841B3816} = {C6A8459B-CCD7-45C9-8B77-8A7411374D3A}
		{034FF0DD-11EC-4163-A282-E3FB3BBA6AC6} = {02FF7DBC-6A17-4A79-9A59-D70A841B3816}
	EndGlobalSection
EndGlobal
